
Microsoft Visual Studio Solution File, Format Version 12.00
# Visual Studio Version 17
VisualStudioVersion = 17.10.34916.146
MinimumVisualStudioVersion = 10.0.40219.1
Project("{9A19103F-16F7-4668-BE54-9A1E7A4F7556}") = "eLibrary.API", "eLibrary.API\eLibrary.API.csproj", "{92D47698-D9FB-42D1-AE56-79EF30131A89}"
EndProject
Project("{9A19103F-16F7-4668-BE54-9A1E7A4F7556}") = "eLibrary.Model", "eLibrary.Model\eLibrary.Model.csproj", "{50AE92F4-C52F-4A52-B6EB-DB5D9E35A1F6}"
EndProject
Project("{9A19103F-16F7-4668-BE54-9A1E7A4F7556}") = "eLibrary.Services", "eLibrary.Services\eLibrary.Services.csproj", "{37CA19E7-36D4-4964-84A8-37015D37B616}"
EndProject
Project("{FAE04EC0-301F-11D3-BF4B-00C04F79EFBC}") = "eLibrary.Subscriber", "eLibrary.Subscriber\eLibrary.Subscriber.csproj", "{F8A09BB4-D065-4DFB-8539-6EB348EB23BC}"
EndProject
Project("{2150E333-8FDC-42A3-9474-1A3956D46DE8}") = "Solution Items", "Solution Items", "{5603ACDD-7E05-4757-B4C8-AA3F11255EFF}"
	ProjectSection(SolutionItems) = preProject
		docker-compose.yml = docker-compose.yml
		Dockerfile = Dockerfile
	EndProjectSection
EndProject
Global
	GlobalSection(SolutionConfigurationPlatforms) = preSolution
		Debug|Any CPU = Debug|Any CPU
		Release|Any CPU = Release|Any CPU
	EndGlobalSection
	GlobalSection(ProjectConfigurationPlatforms) = postSolution
		{92D47698-D9FB-42D1-AE56-79EF30131A89}.Debug|Any CPU.ActiveCfg = Debug|Any CPU
		{92D47698-D9FB-42D1-AE56-79EF30131A89}.Debug|Any CPU.Build.0 = Debug|Any CPU
		{92D47698-D9FB-42D1-AE56-79EF30131A89}.Release|Any CPU.ActiveCfg = Release|Any CPU
		{92D47698-D9FB-42D1-AE56-79EF30131A89}.Release|Any CPU.Build.0 = Release|Any CPU
		{50AE92F4-C52F-4A52-B6EB-DB5D9E35A1F6}.Debug|Any CPU.ActiveCfg = Debug|Any CPU
		{50AE92F4-C52F-4A52-B6EB-DB5D9E35A1F6}.Debug|Any CPU.Build.0 = Debug|Any CPU
		{50AE92F4-C52F-4A52-B6EB-DB5D9E35A1F6}.Release|Any CPU.ActiveCfg = Release|Any CPU
		{50AE92F4-C52F-4A52-B6EB-DB5D9E35A1F6}.Release|Any CPU.Build.0 = Release|Any CPU
		{37CA19E7-36D4-4964-84A8-37015D37B616}.Debug|Any CPU.ActiveCfg = Debug|Any CPU
		{37CA19E7-36D4-4964-84A8-37015D37B616}.Debug|Any CPU.Build.0 = Debug|Any CPU
		{37CA19E7-36D4-4964-84A8-37015D37B616}.Release|Any CPU.ActiveCfg = Release|Any CPU
		{37CA19E7-36D4-4964-84A8-37015D37B616}.Release|Any CPU.Build.0 = Release|Any CPU
		{F8A09BB4-D065-4DFB-8539-6EB348EB23BC}.Debug|Any CPU.ActiveCfg = Debug|Any CPU
		{F8A09BB4-D065-4DFB-8539-6EB348EB23BC}.Debug|Any CPU.Build.0 = Debug|Any CPU
		{F8A09BB4-D065-4DFB-8539-6EB348EB23BC}.Release|Any CPU.ActiveCfg = Release|Any CPU
		{F8A09BB4-D065-4DFB-8539-6EB348EB23BC}.Release|Any CPU.Build.0 = Release|Any CPU
	EndGlobalSection
	GlobalSection(SolutionProperties) = preSolution
		HideSolutionNode = FALSE
	EndGlobalSection
	GlobalSection(ExtensibilityGlobals) = postSolution
		SolutionGuid = {47C3C453-4952-4918-A453-DD8AC1EC3246}
	EndGlobalSection
EndGlobal
